
Microsoft Visual Studio Solution File, Format Version 12.00
Project("{FAE04EC0-301F-11D3-BF4B-00C04F79EFBC}") = "laba4_CSharp", "laba4_CSharp\laba4_CSharp.csproj", "{BC480998-7FC6-4C01-B931-AF59D5A2E714}"
EndProject
Global
	GlobalSection(SolutionConfigurationPlatforms) = preSolution
		Debug|Any CPU = Debug|Any CPU
		Release|Any CPU = Release|Any CPU
	EndGlobalSection
	GlobalSection(ProjectConfigurationPlatforms) = postSolution
		{BC480998-7FC6-4C01-B931-AF59D5A2E714}.Debug|Any CPU.ActiveCfg = Debug|Any CPU
		{BC480998-7FC6-4C01-B931-AF59D5A2E714}.Debug|Any CPU.Build.0 = Debug|Any CPU
		{BC480998-7FC6-4C01-B931-AF59D5A2E714}.Release|Any CPU.ActiveCfg = Release|Any CPU
		{BC480998-7FC6-4C01-B931-AF59D5A2E714}.Release|Any CPU.Build.0 = Release|Any CPU
	EndGlobalSection
EndGlobal
